
Microsoft Visual Studio Solution File, Format Version 12.00
# Visual Studio Version 16
VisualStudioVersion = 16.0.29911.84
MinimumVisualStudioVersion = 10.0.40219.1
Project("{FAE04EC0-301F-11D3-BF4B-00C04F79EFBC}") = "EstudoCSharp", "EstudoCSharp\EstudoCSharp.csproj", "{DB0876A5-F0EF-4505-BDE6-69A4F73F996C}"
EndProject
Global
	GlobalSection(SolutionConfigurationPlatforms) = preSolution
		Debug|Any CPU = Debug|Any CPU
		Release|Any CPU = Release|Any CPU
	EndGlobalSection
	GlobalSection(ProjectConfigurationPlatforms) = postSolution
		{DB0876A5-F0EF-4505-BDE6-69A4F73F996C}.Debug|Any CPU.ActiveCfg = Debug|Any CPU
		{DB0876A5-F0EF-4505-BDE6-69A4F73F996C}.Debug|Any CPU.Build.0 = Debug|Any CPU
		{DB0876A5-F0EF-4505-BDE6-69A4F73F996C}.Release|Any CPU.ActiveCfg = Release|Any CPU
		{DB0876A5-F0EF-4505-BDE6-69A4F73F996C}.Release|Any CPU.Build.0 = Release|Any CPU
	EndGlobalSection
	GlobalSection(SolutionProperties) = preSolution
		HideSolutionNode = FALSE
	EndGlobalSection
	GlobalSection(ExtensibilityGlobals) = postSolution
		SolutionGuid = {392EB8AA-6D4F-41A9-A1E5-D76C10346EED}
	EndGlobalSection
EndGlobal
